
Microsoft Visual Studio Solution File, Format Version 12.00
# Visual Studio Version 17
VisualStudioVersion = 17.9.34607.119
MinimumVisualStudioVersion = 10.0.40219.1
Project("{FAE04EC0-301F-11D3-BF4B-00C04F79EFBC}") = "WikipediaQuizGenerator", "WikipediaQuizGenerator\WikipediaQuizGenerator.csproj", "{8D4EFB36-EC10-407D-AE4D-8D024B0C83B8}"
EndProject
Project("{FAE04EC0-301F-11D3-BF4B-00C04F79EFBC}") = "WikipediaQuizGenerator.Client", "WikipediaQuizGenerator.Client\WikipediaQuizGenerator.Client.csproj", "{CF67AA12-58D2-4BEF-AD46-FB31A7278904}"
EndProject
Global
	GlobalSection(SolutionConfigurationPlatforms) = preSolution
		Debug|Any CPU = Debug|Any CPU
		Release|Any CPU = Release|Any CPU
	EndGlobalSection
	GlobalSection(ProjectConfigurationPlatforms) = postSolution
		{8D4EFB36-EC10-407D-AE4D-8D024B0C83B8}.Debug|Any CPU.ActiveCfg = Debug|Any CPU
		{8D4EFB36-EC10-407D-AE4D-8D024B0C83B8}.Debug|Any CPU.Build.0 = Debug|Any CPU
		{8D4EFB36-EC10-407D-AE4D-8D024B0C83B8}.Release|Any CPU.ActiveCfg = Release|Any CPU
		{8D4EFB36-EC10-407D-AE4D-8D024B0C83B8}.Release|Any CPU.Build.0 = Release|Any CPU
		{CF67AA12-58D2-4BEF-AD46-FB31A7278904}.Debug|Any CPU.ActiveCfg = Debug|Any CPU
		{CF67AA12-58D2-4BEF-AD46-FB31A7278904}.Debug|Any CPU.Build.0 = Debug|Any CPU
		{CF67AA12-58D2-4BEF-AD46-FB31A7278904}.Release|Any CPU.ActiveCfg = Release|Any CPU
		{CF67AA12-58D2-4BEF-AD46-FB31A7278904}.Release|Any CPU.Build.0 = Release|Any CPU
	EndGlobalSection
	GlobalSection(SolutionProperties) = preSolution
		HideSolutionNode = FALSE
	EndGlobalSection
	GlobalSection(ExtensibilityGlobals) = postSolution
		SolutionGuid = {3C05883F-3BE9-4DC9-82E4-63FC7738254C}
	EndGlobalSection
EndGlobal
